
Microsoft Visual Studio Solution File, Format Version 11.00
# Visual Studio 2010
Project("{FAE04EC0-301F-11D3-BF4B-00C04F79EFBC}") = "ChatWeb", "ChatWeb\ChatWeb.csproj", "{7F53C4A6-A6F2-4AC0-9AA4-379C0D002172}"
EndProject
Global
	GlobalSection(SolutionConfigurationPlatforms) = preSolution
		Debug|Any CPU = Debug|Any CPU
		Release|Any CPU = Release|Any CPU
	EndGlobalSection
	GlobalSection(ProjectConfigurationPlatforms) = postSolution
		{7F53C4A6-A6F2-4AC0-9AA4-379C0D002172}.Debug|Any CPU.ActiveCfg = Debug|Any CPU
		{7F53C4A6-A6F2-4AC0-9AA4-379C0D002172}.Debug|Any CPU.Build.0 = Debug|Any CPU
		{7F53C4A6-A6F2-4AC0-9AA4-379C0D002172}.Release|Any CPU.ActiveCfg = Release|Any CPU
		{7F53C4A6-A6F2-4AC0-9AA4-379C0D002172}.Release|Any CPU.Build.0 = Release|Any CPU
	EndGlobalSection
	GlobalSection(SolutionProperties) = preSolution
		HideSolutionNode = FALSE
	EndGlobalSection
EndGlobal
